
Microsoft Visual Studio Solution File, Format Version 12.00
# Visual Studio 15
VisualStudioVersion = 15.0.28307.168
MinimumVisualStudioVersion = 10.0.40219.1
Project("{FAE04EC0-301F-11D3-BF4B-00C04F79EFBC}") = "fetcho", "fetcho\fetcho.csproj", "{DF9A3AD9-969C-4778-913D-2E4C26E114EA}"
EndProject
Project("{FAE04EC0-301F-11D3-BF4B-00C04F79EFBC}") = "queueo", "queueo\queueo.csproj", "{C644B716-1AC7-42B5-B336-0C8197B0C614}"
EndProject
Project("{FAE04EC0-301F-11D3-BF4B-00C04F79EFBC}") = "common", "common\common.csproj", "{42364165-FF2E-49B6-A707-D3C5181FA8F5}"
EndProject
Project("{FAE04EC0-301F-11D3-BF4B-00C04F79EFBC}") = "nextlinks", "nextlinks\nextlinks.csproj", "{DD794C10-F915-4751-A931-4D5343ED6EDC}"
EndProject
Project("{FAE04EC0-301F-11D3-BF4B-00C04F79EFBC}") = "publo", "publo\publo.csproj", "{6A83132D-9BC9-4E31-B90B-7DE4D91AB64E}"
EndProject
Project("{FAE04EC0-301F-11D3-BF4B-00C04F79EFBC}") = "commonTest", "commonTest\commonTest.csproj", "{1B9C99EB-95A7-49BA-A664-4E22D6387B1B}"
EndProject
Project("{FAE04EC0-301F-11D3-BF4B-00C04F79EFBC}") = "reado", "reado\reado.csproj", "{7BAA38B9-FF7B-4BE4-95E1-9A494F0BBB85}"
EndProject
Project("{FAE04EC0-301F-11D3-BF4B-00C04F79EFBC}") = "FetchoAPI", "FetchoAPI\FetchoAPI.csproj", "{FADAACF9-C952-40BA-B0B7-BBF0A4F5E899}"
EndProject
Project("{FAE04EC0-301F-11D3-BF4B-00C04F79EFBC}") = "FetchoAPI.Test", "FetchoAPI.Test\FetchoAPI.Test.csproj", "{D5A3D3BC-87CC-4D29-82D8-9BCC3982C300}"
EndProject
Global
	GlobalSection(SolutionConfigurationPlatforms) = preSolution
		Debug|Any CPU = Debug|Any CPU
		Release|Any CPU = Release|Any CPU
	EndGlobalSection
	GlobalSection(ProjectConfigurationPlatforms) = postSolution
		{DF9A3AD9-969C-4778-913D-2E4C26E114EA}.Debug|Any CPU.ActiveCfg = Debug|Any CPU
		{DF9A3AD9-969C-4778-913D-2E4C26E114EA}.Debug|Any CPU.Build.0 = Debug|Any CPU
		{DF9A3AD9-969C-4778-913D-2E4C26E114EA}.Release|Any CPU.ActiveCfg = Release|Any CPU
		{DF9A3AD9-969C-4778-913D-2E4C26E114EA}.Release|Any CPU.Build.0 = Release|Any CPU
		{C644B716-1AC7-42B5-B336-0C8197B0C614}.Debug|Any CPU.ActiveCfg = Debug|Any CPU
		{C644B716-1AC7-42B5-B336-0C8197B0C614}.Debug|Any CPU.Build.0 = Debug|Any CPU
		{C644B716-1AC7-42B5-B336-0C8197B0C614}.Release|Any CPU.ActiveCfg = Release|Any CPU
		{C644B716-1AC7-42B5-B336-0C8197B0C614}.Release|Any CPU.Build.0 = Release|Any CPU
		{42364165-FF2E-49B6-A707-D3C5181FA8F5}.Debug|Any CPU.ActiveCfg = Debug|Any CPU
		{42364165-FF2E-49B6-A707-D3C5181FA8F5}.Debug|Any CPU.Build.0 = Debug|Any CPU
		{42364165-FF2E-49B6-A707-D3C5181FA8F5}.Release|Any CPU.ActiveCfg = Release|Any CPU
		{42364165-FF2E-49B6-A707-D3C5181FA8F5}.Release|Any CPU.Build.0 = Release|Any CPU
		{DD794C10-F915-4751-A931-4D5343ED6EDC}.Debug|Any CPU.ActiveCfg = Debug|Any CPU
		{DD794C10-F915-4751-A931-4D5343ED6EDC}.Debug|Any CPU.Build.0 = Debug|Any CPU
		{DD794C10-F915-4751-A931-4D5343ED6EDC}.Release|Any CPU.ActiveCfg = Release|Any CPU
		{DD794C10-F915-4751-A931-4D5343ED6EDC}.Release|Any CPU.Build.0 = Release|Any CPU
		{6A83132D-9BC9-4E31-B90B-7DE4D91AB64E}.Debug|Any CPU.ActiveCfg = Debug|Any CPU
		{6A83132D-9BC9-4E31-B90B-7DE4D91AB64E}.Debug|Any CPU.Build.0 = Debug|Any CPU
		{6A83132D-9BC9-4E31-B90B-7DE4D91AB64E}.Release|Any CPU.ActiveCfg = Release|Any CPU
		{6A83132D-9BC9-4E31-B90B-7DE4D91AB64E}.Release|Any CPU.Build.0 = Release|Any CPU
		{1B9C99EB-95A7-49BA-A664-4E22D6387B1B}.Debug|Any CPU.ActiveCfg = Debug|Any CPU
		{1B9C99EB-95A7-49BA-A664-4E22D6387B1B}.Debug|Any CPU.Build.0 = Debug|Any CPU
		{1B9C99EB-95A7-49BA-A664-4E22D6387B1B}.Release|Any CPU.ActiveCfg = Release|Any CPU
		{1B9C99EB-95A7-49BA-A664-4E22D6387B1B}.Release|Any CPU.Build.0 = Release|Any CPU
		{7BAA38B9-FF7B-4BE4-95E1-9A494F0BBB85}.Debug|Any CPU.ActiveCfg = Debug|Any CPU
		{7BAA38B9-FF7B-4BE4-95E1-9A494F0BBB85}.Debug|Any CPU.Build.0 = Debug|Any CPU
		{7BAA38B9-FF7B-4BE4-95E1-9A494F0BBB85}.Release|Any CPU.ActiveCfg = Release|Any CPU
		{7BAA38B9-FF7B-4BE4-95E1-9A494F0BBB85}.Release|Any CPU.Build.0 = Release|Any CPU
		{FADAACF9-C952-40BA-B0B7-BBF0A4F5E899}.Debug|Any CPU.ActiveCfg = Debug|Any CPU
		{FADAACF9-C952-40BA-B0B7-BBF0A4F5E899}.Debug|Any CPU.Build.0 = Debug|Any CPU
		{FADAACF9-C952-40BA-B0B7-BBF0A4F5E899}.Release|Any CPU.ActiveCfg = Release|Any CPU
		{FADAACF9-C952-40BA-B0B7-BBF0A4F5E899}.Release|Any CPU.Build.0 = Release|Any CPU
		{D5A3D3BC-87CC-4D29-82D8-9BCC3982C300}.Debug|Any CPU.ActiveCfg = Debug|Any CPU
		{D5A3D3BC-87CC-4D29-82D8-9BCC3982C300}.Debug|Any CPU.Build.0 = Debug|Any CPU
		{D5A3D3BC-87CC-4D29-82D8-9BCC3982C300}.Release|Any CPU.ActiveCfg = Release|Any CPU
		{D5A3D3BC-87CC-4D29-82D8-9BCC3982C300}.Release|Any CPU.Build.0 = Release|Any CPU
	EndGlobalSection
	GlobalSection(SolutionProperties) = preSolution
		HideSolutionNode = FALSE
	EndGlobalSection
	GlobalSection(ExtensibilityGlobals) = postSolution
		SolutionGuid = {F9E4915B-CF96-48BD-B896-EBA2A2C52938}
	EndGlobalSection
EndGlobal
